
Microsoft Visual Studio Solution File, Format Version 12.00
# Visual Studio Version 17
VisualStudioVersion = 17.0.31903.59
MinimumVisualStudioVersion = 10.0.40219.1
Project("{2150E333-8FDC-42A3-9474-1A3956D46DE8}") = "src", "src", "{EBECA536-61D1-46C3-AB3C-50B90582B46D}"
EndProject
Project("{FAE04EC0-301F-11D3-BF4B-00C04F79EFBC}") = "CopilotDemo", "src\CopilotDemo\CopilotDemo.csproj", "{A4F5BF10-AAB3-46F0-83D3-EA04BF247138}"
EndProject
Project("{2150E333-8FDC-42A3-9474-1A3956D46DE8}") = "tests", "tests", "{FFBB0436-DAB2-4A03-A158-0C917E76A568}"
EndProject
Project("{FAE04EC0-301F-11D3-BF4B-00C04F79EFBC}") = "CopilotDemo.Tests", "tests\CopilotDemo.Tests\CopilotDemo.Tests.csproj", "{2C030413-5F43-4EE5-9EA1-005AC1F08BB8}"
EndProject
Global
	GlobalSection(SolutionConfigurationPlatforms) = preSolution
		Debug|Any CPU = Debug|Any CPU
		Release|Any CPU = Release|Any CPU
	EndGlobalSection
	GlobalSection(SolutionProperties) = preSolution
		HideSolutionNode = FALSE
	EndGlobalSection
	GlobalSection(ProjectConfigurationPlatforms) = postSolution
		{A4F5BF10-AAB3-46F0-83D3-EA04BF247138}.Debug|Any CPU.ActiveCfg = Debug|Any CPU
		{A4F5BF10-AAB3-46F0-83D3-EA04BF247138}.Debug|Any CPU.Build.0 = Debug|Any CPU
		{A4F5BF10-AAB3-46F0-83D3-EA04BF247138}.Release|Any CPU.ActiveCfg = Release|Any CPU
		{A4F5BF10-AAB3-46F0-83D3-EA04BF247138}.Release|Any CPU.Build.0 = Release|Any CPU
		{2C030413-5F43-4EE5-9EA1-005AC1F08BB8}.Debug|Any CPU.ActiveCfg = Debug|Any CPU
		{2C030413-5F43-4EE5-9EA1-005AC1F08BB8}.Debug|Any CPU.Build.0 = Debug|Any CPU
		{2C030413-5F43-4EE5-9EA1-005AC1F08BB8}.Release|Any CPU.ActiveCfg = Release|Any CPU
		{2C030413-5F43-4EE5-9EA1-005AC1F08BB8}.Release|Any CPU.Build.0 = Release|Any CPU
	EndGlobalSection
	GlobalSection(NestedProjects) = preSolution
		{A4F5BF10-AAB3-46F0-83D3-EA04BF247138} = {EBECA536-61D1-46C3-AB3C-50B90582B46D}
		{2C030413-5F43-4EE5-9EA1-005AC1F08BB8} = {FFBB0436-DAB2-4A03-A158-0C917E76A568}
	EndGlobalSection
EndGlobal
